// !$*UTF8*$!
{
	archiveVersion = 1;
	classes = {
	};
	objectVersion = 50;
	objects = {

/* Begin PBXBuildFile section */
		83850A4122C198FE0017575B /* AppDelegate.swift in Sources */ = {isa = PBXBuildFile; fileRef = 83850A4022C198FE0017575B /* AppDelegate.swift */; };
		83850A4322C198FE0017575B /* ViewController.swift in Sources */ = {isa = PBXBuildFile; fileRef = 83850A4222C198FE0017575B /* ViewController.swift */; };
		83850A4622C198FE0017575B /* Main.storyboard in Resources */ = {isa = PBXBuildFile; fileRef = 83850A4422C198FE0017575B /* Main.storyboard */; };
		83850A4822C198FF0017575B /* Assets.xcassets in Resources */ = {isa = PBXBuildFile; fileRef = 83850A4722C198FF0017575B /* Assets.xcassets */; };
		83850A4B22C198FF0017575B /* LaunchScreen.storyboard in Resources */ = {isa = PBXBuildFile; fileRef = 83850A4922C198FF0017575B /* LaunchScreen.storyboard */; };
		83850A5622C198FF0017575B /* MoviesAppTests.swift in Sources */ = {isa = PBXBuildFile; fileRef = 83850A5522C198FF0017575B /* MoviesAppTests.swift */; };
		83850A6122C198FF0017575B /* MoviesAppUITests.swift in Sources */ = {isa = PBXBuildFile; fileRef = 83850A6022C198FF0017575B /* MoviesAppUITests.swift */; };
/* End PBXBuildFile section */

/* Begin PBXContainerItemProxy section */
		83850A5222C198FF0017575B /* PBXContainerItemProxy */ = {
			isa = PBXContainerItemProxy;
			containerPortal = 83850A3522C198FE0017575B /* Project object */;
			proxyType = 1;
			remoteGlobalIDString = 83850A3C22C198FE0017575B;
			remoteInfo = MoviesApp;
		};
		83850A5D22C198FF0017575B /* PBXContainerItemProxy */ = {
			isa = PBXContainerItemProxy;
			containerPortal = 83850A3522C198FE0017575B /* Project object */;
			proxyType = 1;
			remoteGlobalIDString = 83850A3C22C198FE0017575B;
			remoteInfo = MoviesApp;
		};
/* End PBXContainerItemProxy section */

/* Begin PBXFileReference section */
		83850A3D22C198FE0017575B /* MoviesApp.app */ = {isa = PBXFileReference; explicitFileType = wrapper.application; includeInIndex = 0; path = MoviesApp.app; sourceTree = BUILT_PRODUCTS_DIR; };
		83850A4022C198FE0017575B /* AppDelegate.swift */ = {isa = PBXFileReference; lastKnownFileType = sourcecode.swift; path = AppDelegate.swift; sourceTree = "<group>"; };
		83850A4222C198FE0017575B /* ViewController.swift */ = {isa = PBXFileReference; lastKnownFileType = sourcecode.swift; path = ViewController.swift; sourceTree = "<group>"; };
		83850A4522C198FE0017575B /* Base */ = {isa = PBXFileReference; lastKnownFileType = file.storyboard; name = Base; path = Base.lproj/Main.storyboard; sourceTree = "<group>"; };
		83850A4722C198FF0017575B /* Assets.xcassets */ = {isa = PBXFileReference; lastKnownFileType = folder.assetcatalog; path = Assets.xcassets; sourceTree = "<group>"; };
		83850A4A22C198FF0017575B /* Base */ = {isa = PBXFileReference; lastKnownFileType = file.storyboard; name = Base; path = Base.lproj/LaunchScreen.storyboard; sourceTree = "<group>"; };
		83850A4C22C198FF0017575B /* Info.plist */ = {isa = PBXFileReference; lastKnownFileType = text.plist.xml; path = Info.plist; sourceTree = "<group>"; };
		83850A5122C198FF0017575B /* MoviesAppTests.xctest */ = {isa = PBXFileReference; explicitFileType = wrapper.cfbundle; includeInIndex = 0; path = MoviesAppTests.xctest; sourceTree = BUILT_PRODUCTS_DIR; };
		83850A5522C198FF0017575B /* MoviesAppTests.swift */ = {isa = PBXFileReference; lastKnownFileType = sourcecode.swift; path = MoviesAppTests.swift; sourceTree = "<group>"; };
		83850A5722C198FF0017575B /* Info.plist */ = {isa = PBXFileReference; lastKnownFileType = text.plist.xml; path = Info.plist; sourceTree = "<group>"; };
		83850A5C22C198FF0017575B /* MoviesAppUITests.xctest */ = {isa = PBXFileReference; explicitFileType = wrapper.cfbundle; includeInIndex = 0; path = MoviesAppUITests.xctest; sourceTree = BUILT_PRODUCTS_DIR; };
		83850A6022C198FF0017575B /* MoviesAppUITests.swift */ = {isa = PBXFileReference; lastKnownFileType = sourcecode.swift; path = MoviesAppUITests.swift; sourceTree = "<group>"; };
		83850A6222C198FF0017575B /* Info.plist */ = {isa = PBXFileReference; lastKnownFileType = text.plist.xml; path = Info.plist; sourceTree = "<group>"; };
/* End PBXFileReference section */

/* Begin PBXFrameworksBuildPhase section */
		83850A3A22C198FE0017575B /* Frameworks */ = {
			isa = PBXFrameworksBuildPhase;
			buildActionMask = 2147483647;
			files = (
			);
			runOnlyForDeploymentPostprocessing = 0;
		};
		83850A4E22C198FF0017575B /* Frameworks */ = {
			isa = PBXFrameworksBuildPhase;
			buildActionMask = 2147483647;
			files = (
			);
			runOnlyForDeploymentPostprocessing = 0;
		};
		83850A5922C198FF0017575B /* Frameworks */ = {
			isa = PBXFrameworksBuildPhase;
			buildActionMask = 2147483647;
			files = (
			);
			runOnlyForDeploymentPostprocessing = 0;
		};
/* End PBXFrameworksBuildPhase section */

/* Begin PBXGroup section */
		83850A3422C198FE0017575B = {
			isa = PBXGroup;
			children = (
				83850A3F22C198FE0017575B /* MoviesApp */,
				83850A5422C198FF0017575B /* MoviesAppTests */,
				83850A5F22C198FF0017575B /* MoviesAppUITests */,
				83850A3E22C198FE0017575B /* Products */,
			);
			sourceTree = "<group>";
		};
		83850A3E22C198FE0017575B /* Products */ = {
			isa = PBXGroup;
			children = (
				83850A3D22C198FE0017575B /* MoviesApp.app */,
				83850A5122C198FF0017575B /* MoviesAppTests.xctest */,
				83850A5C22C198FF0017575B /* MoviesAppUITests.xctest */,
			);
			name = Products;
			sourceTree = "<group>";
		};
		83850A3F22C198FE0017575B /* MoviesApp */ = {
			isa = PBXGroup;
			children = (
				83850A4022C198FE0017575B /* AppDelegate.swift */,
				83850A4222C198FE0017575B /* ViewController.swift */,
				83850A4422C198FE0017575B /* Main.storyboard */,
				83850A4722C198FF0017575B /* Assets.xcassets */,
				83850A4922C198FF0017575B /* LaunchScreen.storyboard */,
				83850A4C22C198FF0017575B /* Info.plist */,
			);
			path = MoviesApp;
			sourceTree = "<group>";
		};
		83850A5422C198FF0017575B /* MoviesAppTests */ = {
			isa = PBXGroup;
			children = (
				83850A5522C198FF0017575B /* MoviesAppTests.swift */,
				83850A5722C198FF0017575B /* Info.plist */,
			);
			path = MoviesAppTests;
			sourceTree = "<group>";
		};
		83850A5F22C198FF0017575B /* MoviesAppUITests */ = {
			isa = PBXGroup;
			children = (
				83850A6022C198FF0017575B /* MoviesAppUITests.swift */,
				83850A6222C198FF0017575B /* Info.plist */,
			);
			path = MoviesAppUITests;
			sourceTree = "<group>";
		};
/* End PBXGroup section */

/* Begin PBXNativeTarget section */
		83850A3C22C198FE0017575B /* MoviesApp */ = {
			isa = PBXNativeTarget;
			buildConfigurationList = 83850A6522C198FF0017575B /* Build configuration list for PBXNativeTarget "MoviesApp" */;
			buildPhases = (
				83850A3922C198FE0017575B /* Sources */,
				83850A3A22C198FE0017575B /* Frameworks */,
				83850A3B22C198FE0017575B /* Resources */,
			);
			buildRules = (
			);
			dependencies = (
			);
			name = MoviesApp;
			productName = MoviesApp;
			productReference = 83850A3D22C198FE0017575B /* MoviesApp.app */;
			productType = "com.apple.product-type.application";
		};
		83850A5022C198FF0017575B /* MoviesAppTests */ = {
			isa = PBXNativeTarget;
			buildConfigurationList = 83850A6822C198FF0017575B /* Build configuration list for PBXNativeTarget "MoviesAppTests" */;
			buildPhases = (
				83850A4D22C198FF0017575B /* Sources */,
				83850A4E22C198FF0017575B /* Frameworks */,
				83850A4F22C198FF0017575B /* Resources */,
			);
			buildRules = (
			);
			dependencies = (
				83850A5322C198FF0017575B /* PBXTargetDependency */,
			);
			name = MoviesAppTests;
			productName = MoviesAppTests;
			productReference = 83850A5122C198FF0017575B /* MoviesAppTests.xctest */;
			productType = "com.apple.product-type.bundle.unit-test";
		};
		83850A5B22C198FF0017575B /* MoviesAppUITests */ = {
			isa = PBXNativeTarget;
			buildConfigurationList = 83850A6B22C198FF0017575B /* Build configuration list for PBXNativeTarget "MoviesAppUITests" */;
			buildPhases = (
				83850A5822C198FF0017575B /* Sources */,
				83850A5922C198FF0017575B /* Frameworks */,
				83850A5A22C198FF0017575B /* Resources */,
			);
			buildRules = (
			);
			dependencies = (
				83850A5E22C198FF0017575B /* PBXTargetDependency */,
			);
			name = MoviesAppUITests;
			productName = MoviesAppUITests;
			productReference = 83850A5C22C198FF0017575B /* MoviesAppUITests.xctest */;
			productType = "com.apple.product-type.bundle.ui-testing";
		};
/* End PBXNativeTarget section */

/* Begin PBXProject section */
		83850A3522C198FE0017575B /* Project object */ = {
			isa = PBXProject;
			attributes = {
				LastSwiftUpdateCheck = 1020;
				LastUpgradeCheck = 1020;
				ORGANIZATIONNAME = "Thiago B Claramunt";
				TargetAttributes = {
					83850A3C22C198FE0017575B = {
						CreatedOnToolsVersion = 10.2.1;
					};
					83850A5022C198FF0017575B = {
						CreatedOnToolsVersion = 10.2.1;
						TestTargetID = 83850A3C22C198FE0017575B;
					};
					83850A5B22C198FF0017575B = {
						CreatedOnToolsVersion = 10.2.1;
						TestTargetID = 83850A3C22C198FE0017575B;
					};
				};
			};
			buildConfigurationList = 83850A3822C198FE0017575B /* Build configuration list for PBXProject "MoviesApp" */;
			compatibilityVersion = "Xcode 9.3";
			developmentRegion = en;
			hasScannedForEncodings = 0;
			knownRegions = (
				en,
				Base,
			);
			mainGroup = 83850A3422C198FE0017575B;
			productRefGroup = 83850A3E22C198FE0017575B /* Products */;
			projectDirPath = "";
			projectRoot = "";
			targets = (
				83850A3C22C198FE0017575B /* MoviesApp */,
				83850A5022C198FF0017575B /* MoviesAppTests */,
				83850A5B22C198FF0017575B /* MoviesAppUITests */,
			);
		};
/* End PBXProject section */

/* Begin PBXResourcesBuildPhase section */
		83850A3B22C198FE0017575B /* Resources */ = {
			isa = PBXResourcesBuildPhase;
			buildActionMask = 2147483647;
			files = (
				83850A4B22C198FF0017575B /* LaunchScreen.storyboard in Resources */,
				83850A4822C198FF0017575B /* Assets.xcassets in Resources */,
				83850A4622C198FE0017575B /* Main.storyboard in Resources */,
			);
			runOnlyForDeploymentPostprocessing = 0;
		};
		83850A4F22C198FF0017575B /* Resources */ = {
			isa = PBXResourcesBuildPhase;
			buildActionMask = 2147483647;
			files = (
			);
			runOnlyForDeploymentPostprocessing = 0;
		};
		83850A5A22C198FF0017575B /* Resources */ = {
			isa = PBXResourcesBuildPhase;
			buildActionMask = 2147483647;
			files = (
			);
			runOnlyForDeploymentPostprocessing = 0;
		};
/* End PBXResourcesBuildPhase section */

/* Begin PBXSourcesBuildPhase section */
		83850A3922C198FE0017575B /* Sources */ = {
			isa = PBXSourcesBuildPhase;
			buildActionMask = 2147483647;
			files = (
				83850A4322C198FE0017575B /* ViewController.swift in Sources */,
				83850A4122C198FE0017575B /* AppDelegate.swift in Sources */,
			);
			runOnlyForDeploymentPostprocessing = 0;
		};
		83850A4D22C198FF0017575B /* Sources */ = {
			isa = PBXSourcesBuildPhase;
			buildActionMask = 2147483647;
			files = (
				83850A5622C198FF0017575B /* MoviesAppTests.swift in Sources */,
			);
			runOnlyForDeploymentPostprocessing = 0;
		};
		83850A5822C198FF0017575B /* Sources */ = {
			isa = PBXSourcesBuildPhase;
			buildActionMask = 2147483647;
			files = (
				83850A6122C198FF0017575B /* MoviesAppUITests.swift in Sources */,
			);
			runOnlyForDeploymentPostprocessing = 0;
		};
/* End PBXSourcesBuildPhase section */

/* Begin PBXTargetDependency section */
		83850A5322C198FF0017575B /* PBXTargetDependency */ = {
			isa = PBXTargetDependency;
			target = 83850A3C22C198FE0017575B /* MoviesApp */;
			targetProxy = 83850A5222C198FF0017575B /* PBXContainerItemProxy */;
		};
		83850A5E22C198FF0017575B /* PBXTargetDependency */ = {
			isa = PBXTargetDependency;
			target = 83850A3C22C198FE0017575B /* MoviesApp */;
			targetProxy = 83850A5D22C198FF0017575B /* PBXContainerItemProxy */;
		};
/* End PBXTargetDependency section */

/* Begin PBXVariantGroup section */
		83850A4422C198FE0017575B /* Main.storyboard */ = {
			isa = PBXVariantGroup;
			children = (
				83850A4522C198FE0017575B /* Base */,
			);
			name = Main.storyboard;
			sourceTree = "<group>";
		};
		83850A4922C198FF0017575B /* LaunchScreen.storyboard */ = {
			isa = PBXVariantGroup;
			children = (
				83850A4A22C198FF0017575B /* Base */,
			);
			name = LaunchScreen.storyboard;
			sourceTree = "<group>";
		};
/* End PBXVariantGroup section */

/* Begin XCBuildConfiguration section */
		83850A6322C198FF0017575B /* Debug */ = {
			isa = XCBuildConfiguration;
			buildSettings = {
				ALWAYS_SEARCH_USER_PATHS = NO;
				CLANG_ANALYZER_NONNULL = YES;
				CLANG_ANALYZER_NUMBER_OBJECT_CONVERSION = YES_AGGRESSIVE;
				CLANG_CXX_LANGUAGE_STANDARD = "gnu++14";
				CLANG_CXX_LIBRARY = "libc++";
				CLANG_ENABLE_MODULES = YES;
				CLANG_ENABLE_OBJC_ARC = YES;
				CLANG_ENABLE_OBJC_WEAK = YES;
				CLANG_WARN_BLOCK_CAPTURE_AUTORELEASING = YES;
				CLANG_WARN_BOOL_CONVERSION = YES;
				CLANG_WARN_COMMA = YES;
				CLANG_WARN_CONSTANT_CONVERSION = YES;
				CLANG_WARN_DEPRECATED_OBJC_IMPLEMENTATIONS = YES;
				CLANG_WARN_DIRECT_OBJC_ISA_USAGE = YES_ERROR;
				CLANG_WARN_DOCUMENTATION_COMMENTS = YES;
				CLANG_WARN_EMPTY_BODY = YES;
				CLANG_WARN_ENUM_CONVERSION = YES;
				CLANG_WARN_INFINITE_RECURSION = YES;
				CLANG_WARN_INT_CONVERSION = YES;
				CLANG_WARN_NON_LITERAL_NULL_CONVERSION = YES;
				CLANG_WARN_OBJC_IMPLICIT_RETAIN_SELF = YES;
				CLANG_WARN_OBJC_LITERAL_CONVERSION = YES;
				CLANG_WARN_OBJC_ROOT_CLASS = YES_ERROR;
				CLANG_WARN_RANGE_LOOP_ANALYSIS = YES;
				CLANG_WARN_STRICT_PROTOTYPES = YES;
				CLANG_WARN_SUSPICIOUS_MOVE = YES;
				CLANG_WARN_UNGUARDED_AVAILABILITY = YES_AGGRESSIVE;
				CLANG_WARN_UNREACHABLE_CODE = YES;
				CLANG_WARN__DUPLICATE_METHOD_MATCH = YES;
				CODE_SIGN_IDENTITY = "iPhone Developer";
				COPY_PHASE_STRIP = NO;
				DEBUG_INFORMATION_FORMAT = dwarf;
				ENABLE_STRICT_OBJC_MSGSEND = YES;
				ENABLE_TESTABILITY = YES;
				GCC_C_LANGUAGE_STANDARD = gnu11;
				GCC_DYNAMIC_NO_PIC = NO;
				GCC_NO_COMMON_BLOCKS = YES;
				GCC_OPTIMIZATION_LEVEL = 0;
				GCC_PREPROCESSOR_DEFINITIONS = (
					"DEBUG=1",
					"$(inherited)",
				);
				GCC_WARN_64_TO_32_BIT_CONVERSION = YES;
				GCC_WARN_ABOUT_RETURN_TYPE = YES_ERROR;
				GCC_WARN_UNDECLARED_SELECTOR = YES;
				GCC_WARN_UNINITIALIZED_AUTOS = YES_AGGRESSIVE;
				GCC_WARN_UNUSED_FUNCTION = YES;
				GCC_WARN_UNUSED_VARIABLE = YES;
				IPHONEOS_DEPLOYMENT_TARGET = 12.2;
				MTL_ENABLE_DEBUG_INFO = INCLUDE_SOURCE;
				MTL_FAST_MATH = YES;
				ONLY_ACTIVE_ARCH = YES;
				SDKROOT = iphoneos;
				SWIFT_ACTIVE_COMPILATION_CONDITIONS = DEBUG;
				SWIFT_OPTIMIZATION_LEVEL = "-Onone";
			};
			name = Debug;
		};
		83850A6422C198FF0017575B /* Release */ = {
			isa = XCBuildConfiguration;
			buildSettings = {
				ALWAYS_SEARCH_USER_PATHS = NO;
				CLANG_ANALYZER_NONNULL = YES;
				CLANG_ANALYZER_NUMBER_OBJECT_CONVERSION = YES_AGGRESSIVE;
				CLANG_CXX_LANGUAGE_STANDARD = "gnu++14";
				CLANG_CXX_LIBRARY = "libc++";
				CLANG_ENABLE_MODULES = YES;
				CLANG_ENABLE_OBJC_ARC = YES;
				CLANG_ENABLE_OBJC_WEAK = YES;
				CLANG_WARN_BLOCK_CAPTURE_AUTORELEASING = YES;
				CLANG_WARN_BOOL_CONVERSION = YES;
				CLANG_WARN_COMMA = YES;
				CLANG_WARN_CONSTANT_CONVERSION = YES;
				CLANG_WARN_DEPRECATED_OBJC_IMPLEMENTATIONS = YES;
				CLANG_WARN_DIRECT_OBJC_ISA_USAGE = YES_ERROR;
				CLANG_WARN_DOCUMENTATION_COMMENTS = YES;
				CLANG_WARN_EMPTY_BODY = YES;
				CLANG_WARN_ENUM_CONVERSION = YES;
				CLANG_WARN_INFINITE_RECURSION = YES;
				CLANG_WARN_INT_CONVERSION = YES;
				CLANG_WARN_NON_LITERAL_NULL_CONVERSION = YES;
				CLANG_WARN_OBJC_IMPLICIT_RETAIN_SELF = YES;
				CLANG_WARN_OBJC_LITERAL_CONVERSION = YES;
				CLANG_WARN_OBJC_ROOT_CLASS = YES_ERROR;
				CLANG_WARN_RANGE_LOOP_ANALYSIS = YES;
				CLANG_WARN_STRICT_PROTOTYPES = YES;
				CLANG_WARN_SUSPICIOUS_MOVE = YES;
				CLANG_WARN_UNGUARDED_AVAILABILITY = YES_AGGRESSIVE;
				CLANG_WARN_UNREACHABLE_CODE = YES;
				CLANG_WARN__DUPLICATE_METHOD_MATCH = YES;
				CODE_SIGN_IDENTITY = "iPhone Developer";
				COPY_PHASE_STRIP = NO;
				DEBUG_INFORMATION_FORMAT = "dwarf-with-dsym";
				ENABLE_NS_ASSERTIONS = NO;
				ENABLE_STRICT_OBJC_MSGSEND = YES;
				GCC_C_LANGUAGE_STANDARD = gnu11;
				GCC_NO_COMMON_BLOCKS = YES;
				GCC_WARN_64_TO_32_BIT_CONVERSION = YES;
				GCC_WARN_ABOUT_RETURN_TYPE = YES_ERROR;
				GCC_WARN_UNDECLARED_SELECTOR = YES;
				GCC_WARN_UNINITIALIZED_AUTOS = YES_AGGRESSIVE;
				GCC_WARN_UNUSED_FUNCTION = YES;
				GCC_WARN_UNUSED_VARIABLE = YES;
				IPHONEOS_DEPLOYMENT_TARGET = 12.2;
				MTL_ENABLE_DEBUG_INFO = NO;
				MTL_FAST_MATH = YES;
				SDKROOT = iphoneos;
				SWIFT_COMPILATION_MODE = wholemodule;
				SWIFT_OPTIMIZATION_LEVEL = "-O";
				VALIDATE_PRODUCT = YES;
			};
			name = Release;
		};
		83850A6622C198FF0017575B /* Debug */ = {
			isa = XCBuildConfiguration;
			buildSettings = {
				ASSETCATALOG_COMPILER_APPICON_NAME = AppIcon;
				CODE_SIGN_STYLE = Automatic;
				DEVELOPMENT_TEAM = 95Y9ZH46LB;
				INFOPLIST_FILE = MoviesApp/Info.plist;
				LD_RUNPATH_SEARCH_PATHS = (
					"$(inherited)",
					"@executable_path/Frameworks",
				);
				PRODUCT_BUNDLE_IDENTIFIER = cashfly.com.br.MoviesApp;
				PRODUCT_NAME = "$(TARGET_NAME)";
				SWIFT_VERSION = 5.0;
				TARGETED_DEVICE_FAMILY = "1,2";
			};
			name = Debug;
		};
		83850A6722C198FF0017575B /* Release */ = {
			isa = XCBuildConfiguration;
			buildSettings = {
				ASSETCATALOG_COMPILER_APPICON_NAME = AppIcon;
				CODE_SIGN_STYLE = Automatic;
				DEVELOPMENT_TEAM = 95Y9ZH46LB;
				INFOPLIST_FILE = MoviesApp/Info.plist;
				LD_RUNPATH_SEARCH_PATHS = (
					"$(inherited)",
					"@executable_path/Frameworks",
				);
				PRODUCT_BUNDLE_IDENTIFIER = cashfly.com.br.MoviesApp;
				PRODUCT_NAME = "$(TARGET_NAME)";
				SWIFT_VERSION = 5.0;
				TARGETED_DEVICE_FAMILY = "1,2";
			};
			name = Release;
		};
		83850A6922C198FF0017575B /* Debug */ = {
			isa = XCBuildConfiguration;
			buildSettings = {
				ALWAYS_EMBED_SWIFT_STANDARD_LIBRARIES = YES;
				BUNDLE_LOADER = "$(TEST_HOST)";
				CODE_SIGN_STYLE = Automatic;
				DEVELOPMENT_TEAM = 95Y9ZH46LB;
				INFOPLIST_FILE = MoviesAppTests/Info.plist;
				LD_RUNPATH_SEARCH_PATHS = (
					"$(inherited)",
					"@executable_path/Frameworks",
					"@loader_path/Frameworks",
				);
				PRODUCT_BUNDLE_IDENTIFIER = cashfly.com.br.MoviesAppTests;
				PRODUCT_NAME = "$(TARGET_NAME)";
				SWIFT_VERSION = 5.0;
				TARGETED_DEVICE_FAMILY = "1,2";
				TEST_HOST = "$(BUILT_PRODUCTS_DIR)/MoviesApp.app/MoviesApp";
			};
			name = Debug;
		};
		83850A6A22C198FF0017575B /* Release */ = {
			isa = XCBuildConfiguration;
			buildSettings = {
				ALWAYS_EMBED_SWIFT_STANDARD_LIBRARIES = YES;
				BUNDLE_LOADER = "$(TEST_HOST)";
				CODE_SIGN_STYLE = Automatic;
				DEVELOPMENT_TEAM = 95Y9ZH46LB;
				INFOPLIST_FILE = MoviesAppTests/Info.plist;
				LD_RUNPATH_SEARCH_PATHS = (
					"$(inherited)",
					"@executable_path/Frameworks",
					"@loader_path/Frameworks",
				);
				PRODUCT_BUNDLE_IDENTIFIER = cashfly.com.br.MoviesAppTests;
				PRODUCT_NAME = "$(TARGET_NAME)";
				SWIFT_VERSION = 5.0;
				TARGETED_DEVICE_FAMILY = "1,2";
				TEST_HOST = "$(BUILT_PRODUCTS_DIR)/MoviesApp.app/MoviesApp";
			};
			name = Release;
		};
		83850A6C22C198FF0017575B /* Debug */ = {
			isa = XCBuildConfiguration;
			buildSettings = {
				ALWAYS_EMBED_SWIFT_STANDARD_LIBRARIES = YES;
				CODE_SIGN_STYLE = Automatic;
				DEVELOPMENT_TEAM = 95Y9ZH46LB;
				INFOPLIST_FILE = MoviesAppUITests/Info.plist;
				LD_RUNPATH_SEARCH_PATHS = (
					"$(inherited)",
					"@executable_path/Frameworks",
					"@loader_path/Frameworks",
				);
				PRODUCT_BUNDLE_IDENTIFIER = cashfly.com.br.MoviesAppUITests;
				PRODUCT_NAME = "$(TARGET_NAME)";
				SWIFT_VERSION = 5.0;
				TARGETED_DEVICE_FAMILY = "1,2";
				TEST_TARGET_NAME = MoviesApp;
			};
			name = Debug;
		};
		83850A6D22C198FF0017575B /* Release */ = {
			isa = XCBuildConfiguration;
			buildSettings = {
				ALWAYS_EMBED_SWIFT_STANDARD_LIBRARIES = YES;
				CODE_SIGN_STYLE = Automatic;
				DEVELOPMENT_TEAM = 95Y9ZH46LB;
				INFOPLIST_FILE = MoviesAppUITests/Info.plist;
				LD_RUNPATH_SEARCH_PATHS = (
					"$(inherited)",
					"@executable_path/Frameworks",
					"@loader_path/Frameworks",
				);
				PRODUCT_BUNDLE_IDENTIFIER = cashfly.com.br.MoviesAppUITests;
				PRODUCT_NAME = "$(TARGET_NAME)";
				SWIFT_VERSION = 5.0;
				TARGETED_DEVICE_FAMILY = "1,2";
				TEST_TARGET_NAME = MoviesApp;
			};
			name = Release;
		};
/* End XCBuildConfiguration section */

/* Begin XCConfigurationList section */
		83850A3822C198FE0017575B /* Build configuration list for PBXProject "MoviesApp" */ = {
			isa = XCConfigurationList;
			buildConfigurations = (
				83850A6322C198FF0017575B /* Debug */,
				83850A6422C198FF0017575B /* Release */,
			);
			defaultConfigurationIsVisible = 0;
			defaultConfigurationName = Release;
		};
		83850A6522C198FF0017575B /* Build configuration list for PBXNativeTarget "MoviesApp" */ = {
			isa = XCConfigurationList;
			buildConfigurations = (
				83850A6622C198FF0017575B /* Debug */,
				83850A6722C198FF0017575B /* Release */,
			);
			defaultConfigurationIsVisible = 0;
			defaultConfigurationName = Release;
		};
		83850A6822C198FF0017575B /* Build configuration list for PBXNativeTarget "MoviesAppTests" */ = {
			isa = XCConfigurationList;
			buildConfigurations = (
				83850A6922C198FF0017575B /* Debug */,
				83850A6A22C198FF0017575B /* Release */,
			);
			defaultConfigurationIsVisible = 0;
			defaultConfigurationName = Release;
		};
		83850A6B22C198FF0017575B /* Build configuration list for PBXNativeTarget "MoviesAppUITests" */ = {
			isa = XCConfigurationList;
			buildConfigurations = (
				83850A6C22C198FF0017575B /* Debug */,
				83850A6D22C198FF0017575B /* Release */,
			);
			defaultConfigurationIsVisible = 0;
			defaultConfigurationName = Release;
		};
/* End XCConfigurationList section */
	};
	rootObject = 83850A3522C198FE0017575B /* Project object */;
}
